{
  "definition": "./",
  "optionals": [],
  "private": {
    "modules": [ {
      "definition": "https://github.com/Zefiros-Software/ZefirosDefaults.git",
      "hash": "1592940a7c3264e9a84f0f5e7f4f46ca7b47cbd4",
      "name": "Zefiros-Software/Defaults",
      "public": {
        "libraries": [ {
          "definition": "https://github.com/Zefiros-Software/GoogleTest.git",
          "hash": "a325ad2db5deb623eab740527e559b81c0f39d65",
          "name": "Zefiros-Software/GoogleTest",
          "repository": "https://github.com/google/googletest.git",
          "tag": "HEAD",
          "versionRequirement": "@head || ^1.0.0"
        }, {
          "definition": "https://github.com/Zefiros-Software/GoogleBenchmark.git",
          "hash": "674d0498b80097d8bc720eaa7980805b5332c7ad",
          "name": "Zefiros-Software/GoogleBenchmark",
          "repository": "https://github.com/google/benchmark.git",
          "tag": "HEAD",
          "versionRequirement": "@head"
        } ]
      },
      "repository": "https://github.com/Zefiros-Software/ZefirosDefaults.git",
      "tag": "HEAD",
      "versionRequirement": "@head"
    } ]
  },
  "public": {
    "libraries": [ {
      "definition": "https://github.com/Zefiros-Software/cxxopts.git",
      "hash": "8893afe13cc47dd0be4f25b5ae491e652c146098",
      "name": "Zefiros-Software/cxxopts",
      "repository": "https://github.com/jarro2783/cxxopts.git",
      "tag": "v2.0.0",
      "version": "2.0.0",
      "versionRequirement": ">=2.0.0"
    } ]
  },
  "repository": "./"
}